
Microsoft Visual Studio Solution File, Format Version 12.00
# Visual Studio Version 17
VisualStudioVersion = 17.0.31903.59
MinimumVisualStudioVersion = 10.0.40219.1
Project("{FAE04EC0-301F-11D3-BF4B-00C04F79EFBC}") = "OnlineBookStore", "OnlineBookStore\OnlineBookStore.csproj", "{2575C702-6DC3-4A06-82B1-05CE3E38072A}"
EndProject
Project("{FAE04EC0-301F-11D3-BF4B-00C04F79EFBC}") = "BookCatalog.Data", "BookCatalog.Data\BookCatalog.Data.csproj", "{1433CC17-9974-46DD-B518-3819F35F791E}"
EndProject
Project("{FAE04EC0-301F-11D3-BF4B-00C04F79EFBC}") = "Customers", "Customers\Customers.csproj", "{F589F275-090A-47CE-BB86-7E08FF854970}"
EndProject
Project("{FAE04EC0-301F-11D3-BF4B-00C04F79EFBC}") = "CustomerProfile.Data", "CustomerProfile.Data\CustomerProfile.Data.csproj", "{4F0565EA-7E87-4BBF-86AD-CAD819351583}"
EndProject
Project("{FAE04EC0-301F-11D3-BF4B-00C04F79EFBC}") = "Orders", "Orders\Orders.csproj", "{FF217833-1D39-4A53-BFBB-A9AA2CFB062F}"
EndProject
Project("{FAE04EC0-301F-11D3-BF4B-00C04F79EFBC}") = "Orders.Data", "Orders.Data\Orders.Data.csproj", "{607F3AFC-A434-4ED4-8F49-1C6A5903A3F9}"
EndProject
Project("{FAE04EC0-301F-11D3-BF4B-00C04F79EFBC}") = "BFF", "BFF\BFF.csproj", "{0D86A2FC-2820-47C0-8D02-974B34357EFB}"
EndProject
Global
	GlobalSection(SolutionConfigurationPlatforms) = preSolution
		Debug|Any CPU = Debug|Any CPU
		Release|Any CPU = Release|Any CPU
	EndGlobalSection
	GlobalSection(ProjectConfigurationPlatforms) = postSolution
		{2575C702-6DC3-4A06-82B1-05CE3E38072A}.Debug|Any CPU.ActiveCfg = Debug|Any CPU
		{2575C702-6DC3-4A06-82B1-05CE3E38072A}.Debug|Any CPU.Build.0 = Debug|Any CPU
		{2575C702-6DC3-4A06-82B1-05CE3E38072A}.Release|Any CPU.ActiveCfg = Release|Any CPU
		{2575C702-6DC3-4A06-82B1-05CE3E38072A}.Release|Any CPU.Build.0 = Release|Any CPU
		{1433CC17-9974-46DD-B518-3819F35F791E}.Debug|Any CPU.ActiveCfg = Debug|Any CPU
		{1433CC17-9974-46DD-B518-3819F35F791E}.Debug|Any CPU.Build.0 = Debug|Any CPU
		{1433CC17-9974-46DD-B518-3819F35F791E}.Release|Any CPU.ActiveCfg = Release|Any CPU
		{1433CC17-9974-46DD-B518-3819F35F791E}.Release|Any CPU.Build.0 = Release|Any CPU
		{F589F275-090A-47CE-BB86-7E08FF854970}.Debug|Any CPU.ActiveCfg = Debug|Any CPU
		{F589F275-090A-47CE-BB86-7E08FF854970}.Debug|Any CPU.Build.0 = Debug|Any CPU
		{F589F275-090A-47CE-BB86-7E08FF854970}.Release|Any CPU.ActiveCfg = Release|Any CPU
		{F589F275-090A-47CE-BB86-7E08FF854970}.Release|Any CPU.Build.0 = Release|Any CPU
		{4F0565EA-7E87-4BBF-86AD-CAD819351583}.Debug|Any CPU.ActiveCfg = Debug|Any CPU
		{4F0565EA-7E87-4BBF-86AD-CAD819351583}.Debug|Any CPU.Build.0 = Debug|Any CPU
		{4F0565EA-7E87-4BBF-86AD-CAD819351583}.Release|Any CPU.ActiveCfg = Release|Any CPU
		{4F0565EA-7E87-4BBF-86AD-CAD819351583}.Release|Any CPU.Build.0 = Release|Any CPU
		{FF217833-1D39-4A53-BFBB-A9AA2CFB062F}.Debug|Any CPU.ActiveCfg = Debug|Any CPU
		{FF217833-1D39-4A53-BFBB-A9AA2CFB062F}.Debug|Any CPU.Build.0 = Debug|Any CPU
		{FF217833-1D39-4A53-BFBB-A9AA2CFB062F}.Release|Any CPU.ActiveCfg = Release|Any CPU
		{FF217833-1D39-4A53-BFBB-A9AA2CFB062F}.Release|Any CPU.Build.0 = Release|Any CPU
		{607F3AFC-A434-4ED4-8F49-1C6A5903A3F9}.Debug|Any CPU.ActiveCfg = Debug|Any CPU
		{607F3AFC-A434-4ED4-8F49-1C6A5903A3F9}.Debug|Any CPU.Build.0 = Debug|Any CPU
		{607F3AFC-A434-4ED4-8F49-1C6A5903A3F9}.Release|Any CPU.ActiveCfg = Release|Any CPU
		{607F3AFC-A434-4ED4-8F49-1C6A5903A3F9}.Release|Any CPU.Build.0 = Release|Any CPU
		{0D86A2FC-2820-47C0-8D02-974B34357EFB}.Debug|Any CPU.ActiveCfg = Debug|Any CPU
		{0D86A2FC-2820-47C0-8D02-974B34357EFB}.Debug|Any CPU.Build.0 = Debug|Any CPU
		{0D86A2FC-2820-47C0-8D02-974B34357EFB}.Release|Any CPU.ActiveCfg = Release|Any CPU
		{0D86A2FC-2820-47C0-8D02-974B34357EFB}.Release|Any CPU.Build.0 = Release|Any CPU
	EndGlobalSection
	GlobalSection(SolutionProperties) = preSolution
		HideSolutionNode = FALSE
	EndGlobalSection
	GlobalSection(ExtensibilityGlobals) = postSolution
		SolutionGuid = {E80004F5-1ADD-425C-BBA2-C041E7CAF4B0}
	EndGlobalSection
EndGlobal
